
Microsoft Visual Studio Solution File, Format Version 12.00
# Visual Studio Version 16
VisualStudioVersion = 16.0.29424.173
MinimumVisualStudioVersion = 10.0.40219.1
Project("{FAE04EC0-301F-11D3-BF4B-00C04F79EFBC}") = "VersionControlSnapshot", "VersionControlSnapshot\VersionControlSnapshot.csproj", "{4BDD8DFC-0801-466F-A192-465DBBB754A8}"
EndProject
Global
	GlobalSection(SolutionConfigurationPlatforms) = preSolution
		Debug|Any CPU = Debug|Any CPU
		Release|Any CPU = Release|Any CPU
	EndGlobalSection
	GlobalSection(ProjectConfigurationPlatforms) = postSolution
		{4BDD8DFC-0801-466F-A192-465DBBB754A8}.Debug|Any CPU.ActiveCfg = Debug|Any CPU
		{4BDD8DFC-0801-466F-A192-465DBBB754A8}.Debug|Any CPU.Build.0 = Debug|Any CPU
		{4BDD8DFC-0801-466F-A192-465DBBB754A8}.Release|Any CPU.ActiveCfg = Release|Any CPU
		{4BDD8DFC-0801-466F-A192-465DBBB754A8}.Release|Any CPU.Build.0 = Release|Any CPU
	EndGlobalSection
	GlobalSection(SolutionProperties) = preSolution
		HideSolutionNode = FALSE
	EndGlobalSection
	GlobalSection(ExtensibilityGlobals) = postSolution
		SolutionGuid = {18A327FB-2DBF-4C15-B0A4-8B935DF44EB6}
	EndGlobalSection
	GlobalSection(TeamFoundationVersionControl) = preSolution
		SccNumberOfProjects = 2
		SccEnterpriseProvider = {4CA58AB2-18FA-4F8D-95D4-32DDF27D184C}
		SccTeamFoundationServer = http://br-sp-tfs17:8080/tfs/sisgraphcollection
		SccLocalPath0 = .
		SccProjectUniqueName1 = VersionControlSnapshot\\VersionControlSnapshot
		SccProjectName1 = VersionControlSnapshot
		SccLocalPath1 = VersionControlSnapshot
	EndGlobalSection
EndGlobal
